github.com/hashicorp/go-version v1.6.0 h1:feTTfFNnjP967rlCxM/I9g701jU+RN74YKx2mOkIeek=
github.com/hashicorp/go-version v1.6.0/go.mod h1:fltr4n8CU8Ke44wwGCBoEymUuxUHl09ZGVZPK5anwXA=
github.com/mitchellh/colorstring v0.0.0-20190213212951-d06e56a500db h1:62I3jR2EmQ4l5rM/4FEfDWcRD+abF5XlKShorW5LRoQ=
github.com/mitchellh/colorstring v0.0.0-20190213212951-d06e56a500db/go.mod h1:l0dey0ia/Uv7NcFFVbCLtqEBQbrT4OCwCSKTEv6enCw=
github.com/ncw/swift/v2 v2.0.2 h1:jx282pcAKFhmoZBSdMcCRFn9VWkoBIRsCpe+yZq7vEk=
github.com/ncw/swift/v2 v2.0.2/go.mod h1:z0A9RVdYPjNjXVo2pDOPxZ4eu3oarO1P91fTItcb+Kg=
