github.com/hashicorp/go-version v1.8.0 h1:KAkNb1HAiZd1ukkxDFGmokVZe1Xy9HG6NUp+bPle2i4=
github.com/hashicorp/go-version v1.8.0/go.mod h1:fltr4n8CU8Ke44wwGCBoEymUuxUHl09ZGVZPK5anwXA=
github.com/mitchellh/colorstring v0.0.0-20190213212951-d06e56a500db h1:62I3jR2EmQ4l5rM/4FEfDWcRD+abF5XlKShorW5LRoQ=
github.com/mitchellh/colorstring v0.0.0-20190213212951-d06e56a500db/go.mod h1:l0dey0ia/Uv7NcFFVbCLtqEBQbrT4OCwCSKTEv6enCw=
github.com/ncw/swift/v2 v2.0.5 h1:9o5Gsd7bInAFEqsGPcaUdsboMbqf8lnNtxqWKFT9iz8=
github.com/ncw/swift/v2 v2.0.5/go.mod h1:cbAO76/ZwcFrFlHdXPjaqWZ9R7Hdar7HpjRXBfbjigk=
